// !$*UTF8*$!
{
	archiveVersion = 1;
	classes = {
	};
	objectVersion = 56;
	objects = {

/* Begin PBXBuildFile section */
		FA8FFE322AE0118900F6CA93 /* AppDelegate.swift in Sources */ = {isa = PBXBuildFile; fileRef = FA8FFE312AE0118900F6CA93 /* AppDelegate.swift */; };
		FA8FFE342AE0118900F6CA93 /* SceneDelegate.swift in Sources */ = {isa = PBXBuildFile; fileRef = FA8FFE332AE0118900F6CA93 /* SceneDelegate.swift */; };
		FA8FFE362AE0118900F6CA93 /* ViewController.swift in Sources */ = {isa = PBXBuildFile; fileRef = FA8FFE352AE0118900F6CA93 /* ViewController.swift */; };
		FA8FFE392AE0118900F6CA93 /* Main.storyboard in Resources */ = {isa = PBXBuildFile; fileRef = FA8FFE372AE0118900F6CA93 /* Main.storyboard */; };
		FA8FFE3B2AE0118D00F6CA93 /* Assets.xcassets in Resources */ = {isa = PBXBuildFile; fileRef = FA8FFE3A2AE0118D00F6CA93 /* Assets.xcassets */; };
		FA8FFE3E2AE0118D00F6CA93 /* LaunchScreen.storyboard in Resources */ = {isa = PBXBuildFile; fileRef = FA8FFE3C2AE0118D00F6CA93 /* LaunchScreen.storyboard */; };
		FA8FFE492AE0118E00F6CA93 /* CounterTests.swift in Sources */ = {isa = PBXBuildFile; fileRef = FA8FFE482AE0118E00F6CA93 /* CounterTests.swift */; };
		FA8FFE532AE0118E00F6CA93 /* CounterUITests.swift in Sources */ = {isa = PBXBuildFile; fileRef = FA8FFE522AE0118E00F6CA93 /* CounterUITests.swift */; };
		FA8FFE552AE0118E00F6CA93 /* CounterUITestsLaunchTests.swift in Sources */ = {isa = PBXBuildFile; fileRef = FA8FFE542AE0118E00F6CA93 /* CounterUITestsLaunchTests.swift */; };
/* End PBXBuildFile section */

/* Begin PBXContainerItemProxy section */
		FA8FFE452AE0118E00F6CA93 /* PBXContainerItemProxy */ = {
			isa = PBXContainerItemProxy;
			containerPortal = FA8FFE262AE0118900F6CA93 /* Project object */;
			proxyType = 1;
			remoteGlobalIDString = FA8FFE2D2AE0118900F6CA93;
			remoteInfo = Counter;
		};
		FA8FFE4F2AE0118E00F6CA93 /* PBXContainerItemProxy */ = {
			isa = PBXContainerItemProxy;
			containerPortal = FA8FFE262AE0118900F6CA93 /* Project object */;
			proxyType = 1;
			remoteGlobalIDString = FA8FFE2D2AE0118900F6CA93;
			remoteInfo = Counter;
		};
/* End PBXContainerItemProxy section */

/* Begin PBXFileReference section */
		FA8FFE2E2AE0118900F6CA93 /* Counter.app */ = {isa = PBXFileReference; explicitFileType = wrapper.application; includeInIndex = 0; path = Counter.app; sourceTree = BUILT_PRODUCTS_DIR; };
		FA8FFE312AE0118900F6CA93 /* AppDelegate.swift */ = {isa = PBXFileReference; lastKnownFileType = sourcecode.swift; path = AppDelegate.swift; sourceTree = "<group>"; };
		FA8FFE332AE0118900F6CA93 /* SceneDelegate.swift */ = {isa = PBXFileReference; lastKnownFileType = sourcecode.swift; path = SceneDelegate.swift; sourceTree = "<group>"; };
		FA8FFE352AE0118900F6CA93 /* ViewController.swift */ = {isa = PBXFileReference; lastKnownFileType = sourcecode.swift; path = ViewController.swift; sourceTree = "<group>"; };
		FA8FFE382AE0118900F6CA93 /* Base */ = {isa = PBXFileReference; lastKnownFileType = file.storyboard; name = Base; path = Base.lproj/Main.storyboard; sourceTree = "<group>"; };
		FA8FFE3A2AE0118D00F6CA93 /* Assets.xcassets */ = {isa = PBXFileReference; lastKnownFileType = folder.assetcatalog; path = Assets.xcassets; sourceTree = "<group>"; };
		FA8FFE3D2AE0118D00F6CA93 /* Base */ = {isa = PBXFileReference; lastKnownFileType = file.storyboard; name = Base; path = Base.lproj/LaunchScreen.storyboard; sourceTree = "<group>"; };
		FA8FFE3F2AE0118D00F6CA93 /* Info.plist */ = {isa = PBXFileReference; lastKnownFileType = text.plist.xml; path = Info.plist; sourceTree = "<group>"; };
		FA8FFE442AE0118E00F6CA93 /* CounterTests.xctest */ = {isa = PBXFileReference; explicitFileType = wrapper.cfbundle; includeInIndex = 0; path = CounterTests.xctest; sourceTree = BUILT_PRODUCTS_DIR; };
		FA8FFE482AE0118E00F6CA93 /* CounterTests.swift */ = {isa = PBXFileReference; lastKnownFileType = sourcecode.swift; path = CounterTests.swift; sourceTree = "<group>"; };
		FA8FFE4E2AE0118E00F6CA93 /* CounterUITests.xctest */ = {isa = PBXFileReference; explicitFileType = wrapper.cfbundle; includeInIndex = 0; path = CounterUITests.xctest; sourceTree = BUILT_PRODUCTS_DIR; };
		FA8FFE522AE0118E00F6CA93 /* CounterUITests.swift */ = {isa = PBXFileReference; lastKnownFileType = sourcecode.swift; path = CounterUITests.swift; sourceTree = "<group>"; };
		FA8FFE542AE0118E00F6CA93 /* CounterUITestsLaunchTests.swift */ = {isa = PBXFileReference; lastKnownFileType = sourcecode.swift; path = CounterUITestsLaunchTests.swift; sourceTree = "<group>"; };
/* End PBXFileReference section */

/* Begin PBXFrameworksBuildPhase section */
		FA8FFE2B2AE0118900F6CA93 /* Frameworks */ = {
			isa = PBXFrameworksBuildPhase;
			buildActionMask = 2147483647;
			files = (
			);
			runOnlyForDeploymentPostprocessing = 0;
		};
		FA8FFE412AE0118E00F6CA93 /* Frameworks */ = {
			isa = PBXFrameworksBuildPhase;
			buildActionMask = 2147483647;
			files = (
			);
			runOnlyForDeploymentPostprocessing = 0;
		};
		FA8FFE4B2AE0118E00F6CA93 /* Frameworks */ = {
			isa = PBXFrameworksBuildPhase;
			buildActionMask = 2147483647;
			files = (
			);
			runOnlyForDeploymentPostprocessing = 0;
		};
/* End PBXFrameworksBuildPhase section */

/* Begin PBXGroup section */
		FA8FFE252AE0118900F6CA93 = {
			isa = PBXGroup;
			children = (
				FA8FFE302AE0118900F6CA93 /* Counter */,
				FA8FFE472AE0118E00F6CA93 /* CounterTests */,
				FA8FFE512AE0118E00F6CA93 /* CounterUITests */,
				FA8FFE2F2AE0118900F6CA93 /* Products */,
			);
			sourceTree = "<group>";
		};
		FA8FFE2F2AE0118900F6CA93 /* Products */ = {
			isa = PBXGroup;
			children = (
				FA8FFE2E2AE0118900F6CA93 /* Counter.app */,
				FA8FFE442AE0118E00F6CA93 /* CounterTests.xctest */,
				FA8FFE4E2AE0118E00F6CA93 /* CounterUITests.xctest */,
			);
			name = Products;
			sourceTree = "<group>";
		};
		FA8FFE302AE0118900F6CA93 /* Counter */ = {
			isa = PBXGroup;
			children = (
				FA8FFE312AE0118900F6CA93 /* AppDelegate.swift */,
				FA8FFE332AE0118900F6CA93 /* SceneDelegate.swift */,
				FA8FFE352AE0118900F6CA93 /* ViewController.swift */,
				FA8FFE372AE0118900F6CA93 /* Main.storyboard */,
				FA8FFE3A2AE0118D00F6CA93 /* Assets.xcassets */,
				FA8FFE3C2AE0118D00F6CA93 /* LaunchScreen.storyboard */,
				FA8FFE3F2AE0118D00F6CA93 /* Info.plist */,
			);
			path = Counter;
			sourceTree = "<group>";
		};
		FA8FFE472AE0118E00F6CA93 /* CounterTests */ = {
			isa = PBXGroup;
			children = (
				FA8FFE482AE0118E00F6CA93 /* CounterTests.swift */,
			);
			path = CounterTests;
			sourceTree = "<group>";
		};
		FA8FFE512AE0118E00F6CA93 /* CounterUITests */ = {
			isa = PBXGroup;
			children = (
				FA8FFE522AE0118E00F6CA93 /* CounterUITests.swift */,
				FA8FFE542AE0118E00F6CA93 /* CounterUITestsLaunchTests.swift */,
			);
			path = CounterUITests;
			sourceTree = "<group>";
		};
/* End PBXGroup section */

/* Begin PBXNativeTarget section */
		FA8FFE2D2AE0118900F6CA93 /* Counter */ = {
			isa = PBXNativeTarget;
			buildConfigurationList = FA8FFE582AE0118E00F6CA93 /* Build configuration list for PBXNativeTarget "Counter" */;
			buildPhases = (
				FA8FFE2A2AE0118900F6CA93 /* Sources */,
				FA8FFE2B2AE0118900F6CA93 /* Frameworks */,
				FA8FFE2C2AE0118900F6CA93 /* Resources */,
			);
			buildRules = (
			);
			dependencies = (
			);
			name = Counter;
			productName = Counter;
			productReference = FA8FFE2E2AE0118900F6CA93 /* Counter.app */;
			productType = "com.apple.product-type.application";
		};
		FA8FFE432AE0118E00F6CA93 /* CounterTests */ = {
			isa = PBXNativeTarget;
			buildConfigurationList = FA8FFE5B2AE0118E00F6CA93 /* Build configuration list for PBXNativeTarget "CounterTests" */;
			buildPhases = (
				FA8FFE402AE0118E00F6CA93 /* Sources */,
				FA8FFE412AE0118E00F6CA93 /* Frameworks */,
				FA8FFE422AE0118E00F6CA93 /* Resources */,
			);
			buildRules = (
			);
			dependencies = (
				FA8FFE462AE0118E00F6CA93 /* PBXTargetDependency */,
			);
			name = CounterTests;
			productName = CounterTests;
			productReference = FA8FFE442AE0118E00F6CA93 /* CounterTests.xctest */;
			productType = "com.apple.product-type.bundle.unit-test";
		};
		FA8FFE4D2AE0118E00F6CA93 /* CounterUITests */ = {
			isa = PBXNativeTarget;
			buildConfigurationList = FA8FFE5E2AE0118E00F6CA93 /* Build configuration list for PBXNativeTarget "CounterUITests" */;
			buildPhases = (
				FA8FFE4A2AE0118E00F6CA93 /* Sources */,
				FA8FFE4B2AE0118E00F6CA93 /* Frameworks */,
				FA8FFE4C2AE0118E00F6CA93 /* Resources */,
			);
			buildRules = (
			);
			dependencies = (
				FA8FFE502AE0118E00F6CA93 /* PBXTargetDependency */,
			);
			name = CounterUITests;
			productName = CounterUITests;
			productReference = FA8FFE4E2AE0118E00F6CA93 /* CounterUITests.xctest */;
			productType = "com.apple.product-type.bundle.ui-testing";
		};
/* End PBXNativeTarget section */

/* Begin PBXProject section */
		FA8FFE262AE0118900F6CA93 /* Project object */ = {
			isa = PBXProject;
			attributes = {
				BuildIndependentTargetsInParallel = 1;
				LastSwiftUpdateCheck = 1420;
				LastUpgradeCheck = 1420;
				TargetAttributes = {
					FA8FFE2D2AE0118900F6CA93 = {
						CreatedOnToolsVersion = 14.2;
					};
					FA8FFE432AE0118E00F6CA93 = {
						CreatedOnToolsVersion = 14.2;
						TestTargetID = FA8FFE2D2AE0118900F6CA93;
					};
					FA8FFE4D2AE0118E00F6CA93 = {
						CreatedOnToolsVersion = 14.2;
						TestTargetID = FA8FFE2D2AE0118900F6CA93;
					};
				};
			};
			buildConfigurationList = FA8FFE292AE0118900F6CA93 /* Build configuration list for PBXProject "Counter" */;
			compatibilityVersion = "Xcode 14.0";
			developmentRegion = en;
			hasScannedForEncodings = 0;
			knownRegions = (
				en,
				Base,
			);
			mainGroup = FA8FFE252AE0118900F6CA93;
			productRefGroup = FA8FFE2F2AE0118900F6CA93 /* Products */;
			projectDirPath = "";
			projectRoot = "";
			targets = (
				FA8FFE2D2AE0118900F6CA93 /* Counter */,
				FA8FFE432AE0118E00F6CA93 /* CounterTests */,
				FA8FFE4D2AE0118E00F6CA93 /* CounterUITests */,
			);
		};
/* End PBXProject section */

/* Begin PBXResourcesBuildPhase section */
		FA8FFE2C2AE0118900F6CA93 /* Resources */ = {
			isa = PBXResourcesBuildPhase;
			buildActionMask = 2147483647;
			files = (
				FA8FFE3E2AE0118D00F6CA93 /* LaunchScreen.storyboard in Resources */,
				FA8FFE3B2AE0118D00F6CA93 /* Assets.xcassets in Resources */,
				FA8FFE392AE0118900F6CA93 /* Main.storyboard in Resources */,
			);
			runOnlyForDeploymentPostprocessing = 0;
		};
		FA8FFE422AE0118E00F6CA93 /* Resources */ = {
			isa = PBXResourcesBuildPhase;
			buildActionMask = 2147483647;
			files = (
			);
			runOnlyForDeploymentPostprocessing = 0;
		};
		FA8FFE4C2AE0118E00F6CA93 /* Resources */ = {
			isa = PBXResourcesBuildPhase;
			buildActionMask = 2147483647;
			files = (
			);
			runOnlyForDeploymentPostprocessing = 0;
		};
/* End PBXResourcesBuildPhase section */

/* Begin PBXSourcesBuildPhase section */
		FA8FFE2A2AE0118900F6CA93 /* Sources */ = {
			isa = PBXSourcesBuildPhase;
			buildActionMask = 2147483647;
			files = (
				FA8FFE362AE0118900F6CA93 /* ViewController.swift in Sources */,
				FA8FFE322AE0118900F6CA93 /* AppDelegate.swift in Sources */,
				FA8FFE342AE0118900F6CA93 /* SceneDelegate.swift in Sources */,
			);
			runOnlyForDeploymentPostprocessing = 0;
		};
		FA8FFE402AE0118E00F6CA93 /* Sources */ = {
			isa = PBXSourcesBuildPhase;
			buildActionMask = 2147483647;
			files = (
				FA8FFE492AE0118E00F6CA93 /* CounterTests.swift in Sources */,
			);
			runOnlyForDeploymentPostprocessing = 0;
		};
		FA8FFE4A2AE0118E00F6CA93 /* Sources */ = {
			isa = PBXSourcesBuildPhase;
			buildActionMask = 2147483647;
			files = (
				FA8FFE532AE0118E00F6CA93 /* CounterUITests.swift in Sources */,
				FA8FFE552AE0118E00F6CA93 /* CounterUITestsLaunchTests.swift in Sources */,
			);
			runOnlyForDeploymentPostprocessing = 0;
		};
/* End PBXSourcesBuildPhase section */

/* Begin PBXTargetDependency section */
		FA8FFE462AE0118E00F6CA93 /* PBXTargetDependency */ = {
			isa = PBXTargetDependency;
			target = FA8FFE2D2AE0118900F6CA93 /* Counter */;
			targetProxy = FA8FFE452AE0118E00F6CA93 /* PBXContainerItemProxy */;
		};
		FA8FFE502AE0118E00F6CA93 /* PBXTargetDependency */ = {
			isa = PBXTargetDependency;
			target = FA8FFE2D2AE0118900F6CA93 /* Counter */;
			targetProxy = FA8FFE4F2AE0118E00F6CA93 /* PBXContainerItemProxy */;
		};
/* End PBXTargetDependency section */

/* Begin PBXVariantGroup section */
		FA8FFE372AE0118900F6CA93 /* Main.storyboard */ = {
			isa = PBXVariantGroup;
			children = (
				FA8FFE382AE0118900F6CA93 /* Base */,
			);
			name = Main.storyboard;
			sourceTree = "<group>";
		};
		FA8FFE3C2AE0118D00F6CA93 /* LaunchScreen.storyboard */ = {
			isa = PBXVariantGroup;
			children = (
				FA8FFE3D2AE0118D00F6CA93 /* Base */,
			);
			name = LaunchScreen.storyboard;
			sourceTree = "<group>";
		};
/* End PBXVariantGroup section */

/* Begin XCBuildConfiguration section */
		FA8FFE562AE0118E00F6CA93 /* Debug */ = {
			isa = XCBuildConfiguration;
			buildSettings = {
				ALWAYS_SEARCH_USER_PATHS = NO;
				CLANG_ANALYZER_NONNULL = YES;
				CLANG_ANALYZER_NUMBER_OBJECT_CONVERSION = YES_AGGRESSIVE;
				CLANG_CXX_LANGUAGE_STANDARD = "gnu++20";
				CLANG_ENABLE_MODULES = YES;
				CLANG_ENABLE_OBJC_ARC = YES;
				CLANG_ENABLE_OBJC_WEAK = YES;
				CLANG_WARN_BLOCK_CAPTURE_AUTORELEASING = YES;
				CLANG_WARN_BOOL_CONVERSION = YES;
				CLANG_WARN_COMMA = YES;
				CLANG_WARN_CONSTANT_CONVERSION = YES;
				CLANG_WARN_DEPRECATED_OBJC_IMPLEMENTATIONS = YES;
				CLANG_WARN_DIRECT_OBJC_ISA_USAGE = YES_ERROR;
				CLANG_WARN_DOCUMENTATION_COMMENTS = YES;
				CLANG_WARN_EMPTY_BODY = YES;
				CLANG_WARN_ENUM_CONVERSION = YES;
				CLANG_WARN_INFINITE_RECURSION = YES;
				CLANG_WARN_INT_CONVERSION = YES;
				CLANG_WARN_NON_LITERAL_NULL_CONVERSION = YES;
				CLANG_WARN_OBJC_IMPLICIT_RETAIN_SELF = YES;
				CLANG_WARN_OBJC_LITERAL_CONVERSION = YES;
				CLANG_WARN_OBJC_ROOT_CLASS = YES_ERROR;
				CLANG_WARN_QUOTED_INCLUDE_IN_FRAMEWORK_HEADER = YES;
				CLANG_WARN_RANGE_LOOP_ANALYSIS = YES;
				CLANG_WARN_STRICT_PROTOTYPES = YES;
				CLANG_WARN_SUSPICIOUS_MOVE = YES;
				CLANG_WARN_UNGUARDED_AVAILABILITY = YES_AGGRESSIVE;
				CLANG_WARN_UNREACHABLE_CODE = YES;
				CLANG_WARN__DUPLICATE_METHOD_MATCH = YES;
				COPY_PHASE_STRIP = NO;
				DEBUG_INFORMATION_FORMAT = dwarf;
				ENABLE_STRICT_OBJC_MSGSEND = YES;
				ENABLE_TESTABILITY = YES;
				GCC_C_LANGUAGE_STANDARD = gnu11;
				GCC_DYNAMIC_NO_PIC = NO;
				GCC_NO_COMMON_BLOCKS = YES;
				GCC_OPTIMIZATION_LEVEL = 0;
				GCC_PREPROCESSOR_DEFINITIONS = (
					"DEBUG=1",
					"$(inherited)",
				);
				GCC_WARN_64_TO_32_BIT_CONVERSION = YES;
				GCC_WARN_ABOUT_RETURN_TYPE = YES_ERROR;
				GCC_WARN_UNDECLARED_SELECTOR = YES;
				GCC_WARN_UNINITIALIZED_AUTOS = YES_AGGRESSIVE;
				GCC_WARN_UNUSED_FUNCTION = YES;
				GCC_WARN_UNUSED_VARIABLE = YES;
				IPHONEOS_DEPLOYMENT_TARGET = 16.2;
				MTL_ENABLE_DEBUG_INFO = INCLUDE_SOURCE;
				MTL_FAST_MATH = YES;
				ONLY_ACTIVE_ARCH = YES;
				SDKROOT = iphoneos;
				SWIFT_ACTIVE_COMPILATION_CONDITIONS = DEBUG;
				SWIFT_OPTIMIZATION_LEVEL = "-Onone";
			};
			name = Debug;
		};
		FA8FFE572AE0118E00F6CA93 /* Release */ = {
			isa = XCBuildConfiguration;
			buildSettings = {
				ALWAYS_SEARCH_USER_PATHS = NO;
				CLANG_ANALYZER_NONNULL = YES;
				CLANG_ANALYZER_NUMBER_OBJECT_CONVERSION = YES_AGGRESSIVE;
				CLANG_CXX_LANGUAGE_STANDARD = "gnu++20";
				CLANG_ENABLE_MODULES = YES;
				CLANG_ENABLE_OBJC_ARC = YES;
				CLANG_ENABLE_OBJC_WEAK = YES;
				CLANG_WARN_BLOCK_CAPTURE_AUTORELEASING = YES;
				CLANG_WARN_BOOL_CONVERSION = YES;
				CLANG_WARN_COMMA = YES;
				CLANG_WARN_CONSTANT_CONVERSION = YES;
				CLANG_WARN_DEPRECATED_OBJC_IMPLEMENTATIONS = YES;
				CLANG_WARN_DIRECT_OBJC_ISA_USAGE = YES_ERROR;
				CLANG_WARN_DOCUMENTATION_COMMENTS = YES;
				CLANG_WARN_EMPTY_BODY = YES;
				CLANG_WARN_ENUM_CONVERSION = YES;
				CLANG_WARN_INFINITE_RECURSION = YES;
				CLANG_WARN_INT_CONVERSION = YES;
				CLANG_WARN_NON_LITERAL_NULL_CONVERSION = YES;
				CLANG_WARN_OBJC_IMPLICIT_RETAIN_SELF = YES;
				CLANG_WARN_OBJC_LITERAL_CONVERSION = YES;
				CLANG_WARN_OBJC_ROOT_CLASS = YES_ERROR;
				CLANG_WARN_QUOTED_INCLUDE_IN_FRAMEWORK_HEADER = YES;
				CLANG_WARN_RANGE_LOOP_ANALYSIS = YES;
				CLANG_WARN_STRICT_PROTOTYPES = YES;
				CLANG_WARN_SUSPICIOUS_MOVE = YES;
				CLANG_WARN_UNGUARDED_AVAILABILITY = YES_AGGRESSIVE;
				CLANG_WARN_UNREACHABLE_CODE = YES;
				CLANG_WARN__DUPLICATE_METHOD_MATCH = YES;
				COPY_PHASE_STRIP = NO;
				DEBUG_INFORMATION_FORMAT = "dwarf-with-dsym";
				ENABLE_NS_ASSERTIONS = NO;
				ENABLE_STRICT_OBJC_MSGSEND = YES;
				GCC_C_LANGUAGE_STANDARD = gnu11;
				GCC_NO_COMMON_BLOCKS = YES;
				GCC_WARN_64_TO_32_BIT_CONVERSION = YES;
				GCC_WARN_ABOUT_RETURN_TYPE = YES_ERROR;
				GCC_WARN_UNDECLARED_SELECTOR = YES;
				GCC_WARN_UNINITIALIZED_AUTOS = YES_AGGRESSIVE;
				GCC_WARN_UNUSED_FUNCTION = YES;
				GCC_WARN_UNUSED_VARIABLE = YES;
				IPHONEOS_DEPLOYMENT_TARGET = 16.2;
				MTL_ENABLE_DEBUG_INFO = NO;
				MTL_FAST_MATH = YES;
				SDKROOT = iphoneos;
				SWIFT_COMPILATION_MODE = wholemodule;
				SWIFT_OPTIMIZATION_LEVEL = "-O";
				VALIDATE_PRODUCT = YES;
			};
			name = Release;
		};
		FA8FFE592AE0118E00F6CA93 /* Debug */ = {
			isa = XCBuildConfiguration;
			buildSettings = {
				ASSETCATALOG_COMPILER_APPICON_NAME = AppIcon;
				ASSETCATALOG_COMPILER_GLOBAL_ACCENT_COLOR_NAME = AccentColor;
				CODE_SIGN_STYLE = Automatic;
				CURRENT_PROJECT_VERSION = 1;
				GENERATE_INFOPLIST_FILE = YES;
				INFOPLIST_FILE = Counter/Info.plist;
				INFOPLIST_KEY_UIApplicationSupportsIndirectInputEvents = YES;
				INFOPLIST_KEY_UILaunchStoryboardName = LaunchScreen;
				INFOPLIST_KEY_UIMainStoryboardFile = Main;
				INFOPLIST_KEY_UISupportedInterfaceOrientations_iPad = "UIInterfaceOrientationPortrait UIInterfaceOrientationPortraitUpsideDown UIInterfaceOrientationLandscapeLeft UIInterfaceOrientationLandscapeRight";
				INFOPLIST_KEY_UISupportedInterfaceOrientations_iPhone = "UIInterfaceOrientationPortrait UIInterfaceOrientationLandscapeLeft UIInterfaceOrientationLandscapeRight";
				LD_RUNPATH_SEARCH_PATHS = (
					"$(inherited)",
					"@executable_path/Frameworks",
				);
				MARKETING_VERSION = 1.0;
				PRODUCT_BUNDLE_IDENTIFIER = sd.Counter;
				PRODUCT_NAME = "$(TARGET_NAME)";
				SWIFT_EMIT_LOC_STRINGS = YES;
				SWIFT_VERSION = 5.0;
				TARGETED_DEVICE_FAMILY = "1,2";
			};
			name = Debug;
		};
		FA8FFE5A2AE0118E00F6CA93 /* Release */ = {
			isa = XCBuildConfiguration;
			buildSettings = {
				ASSETCATALOG_COMPILER_APPICON_NAME = AppIcon;
				ASSETCATALOG_COMPILER_GLOBAL_ACCENT_COLOR_NAME = AccentColor;
				CODE_SIGN_STYLE = Automatic;
				CURRENT_PROJECT_VERSION = 1;
				GENERATE_INFOPLIST_FILE = YES;
				INFOPLIST_FILE = Counter/Info.plist;
				INFOPLIST_KEY_UIApplicationSupportsIndirectInputEvents = YES;
				INFOPLIST_KEY_UILaunchStoryboardName = LaunchScreen;
				INFOPLIST_KEY_UIMainStoryboardFile = Main;
				INFOPLIST_KEY_UISupportedInterfaceOrientations_iPad = "UIInterfaceOrientationPortrait UIInterfaceOrientationPortraitUpsideDown UIInterfaceOrientationLandscapeLeft UIInterfaceOrientationLandscapeRight";
				INFOPLIST_KEY_UISupportedInterfaceOrientations_iPhone = "UIInterfaceOrientationPortrait UIInterfaceOrientationLandscapeLeft UIInterfaceOrientationLandscapeRight";
				LD_RUNPATH_SEARCH_PATHS = (
					"$(inherited)",
					"@executable_path/Frameworks",
				);
				MARKETING_VERSION = 1.0;
				PRODUCT_BUNDLE_IDENTIFIER = sd.Counter;
				PRODUCT_NAME = "$(TARGET_NAME)";
				SWIFT_EMIT_LOC_STRINGS = YES;
				SWIFT_VERSION = 5.0;
				TARGETED_DEVICE_FAMILY = "1,2";
			};
			name = Release;
		};
		FA8FFE5C2AE0118E00F6CA93 /* Debug */ = {
			isa = XCBuildConfiguration;
			buildSettings = {
				ALWAYS_EMBED_SWIFT_STANDARD_LIBRARIES = YES;
				BUNDLE_LOADER = "$(TEST_HOST)";
				CODE_SIGN_STYLE = Automatic;
				CURRENT_PROJECT_VERSION = 1;
				GENERATE_INFOPLIST_FILE = YES;
				IPHONEOS_DEPLOYMENT_TARGET = 16.2;
				MARKETING_VERSION = 1.0;
				PRODUCT_BUNDLE_IDENTIFIER = sd.CounterTests;
				PRODUCT_NAME = "$(TARGET_NAME)";
				SWIFT_EMIT_LOC_STRINGS = NO;
				SWIFT_VERSION = 5.0;
				TARGETED_DEVICE_FAMILY = "1,2";
				TEST_HOST = "$(BUILT_PRODUCTS_DIR)/Counter.app/$(BUNDLE_EXECUTABLE_FOLDER_PATH)/Counter";
			};
			name = Debug;
		};
		FA8FFE5D2AE0118E00F6CA93 /* Release */ = {
			isa = XCBuildConfiguration;
			buildSettings = {
				ALWAYS_EMBED_SWIFT_STANDARD_LIBRARIES = YES;
				BUNDLE_LOADER = "$(TEST_HOST)";
				CODE_SIGN_STYLE = Automatic;
				CURRENT_PROJECT_VERSION = 1;
				GENERATE_INFOPLIST_FILE = YES;
				IPHONEOS_DEPLOYMENT_TARGET = 16.2;
				MARKETING_VERSION = 1.0;
				PRODUCT_BUNDLE_IDENTIFIER = sd.CounterTests;
				PRODUCT_NAME = "$(TARGET_NAME)";
				SWIFT_EMIT_LOC_STRINGS = NO;
				SWIFT_VERSION = 5.0;
				TARGETED_DEVICE_FAMILY = "1,2";
				TEST_HOST = "$(BUILT_PRODUCTS_DIR)/Counter.app/$(BUNDLE_EXECUTABLE_FOLDER_PATH)/Counter";
			};
			name = Release;
		};
		FA8FFE5F2AE0118E00F6CA93 /* Debug */ = {
			isa = XCBuildConfiguration;
			buildSettings = {
				ALWAYS_EMBED_SWIFT_STANDARD_LIBRARIES = YES;
				CODE_SIGN_STYLE = Automatic;
				CURRENT_PROJECT_VERSION = 1;
				GENERATE_INFOPLIST_FILE = YES;
				MARKETING_VERSION = 1.0;
				PRODUCT_BUNDLE_IDENTIFIER = sd.CounterUITests;
				PRODUCT_NAME = "$(TARGET_NAME)";
				SWIFT_EMIT_LOC_STRINGS = NO;
				SWIFT_VERSION = 5.0;
				TARGETED_DEVICE_FAMILY = "1,2";
				TEST_TARGET_NAME = Counter;
			};
			name = Debug;
		};
		FA8FFE602AE0118E00F6CA93 /* Release */ = {
			isa = XCBuildConfiguration;
			buildSettings = {
				ALWAYS_EMBED_SWIFT_STANDARD_LIBRARIES = YES;
				CODE_SIGN_STYLE = Automatic;
				CURRENT_PROJECT_VERSION = 1;
				GENERATE_INFOPLIST_FILE = YES;
				MARKETING_VERSION = 1.0;
				PRODUCT_BUNDLE_IDENTIFIER = sd.CounterUITests;
				PRODUCT_NAME = "$(TARGET_NAME)";
				SWIFT_EMIT_LOC_STRINGS = NO;
				SWIFT_VERSION = 5.0;
				TARGETED_DEVICE_FAMILY = "1,2";
				TEST_TARGET_NAME = Counter;
			};
			name = Release;
		};
/* End XCBuildConfiguration section */

/* Begin XCConfigurationList section */
		FA8FFE292AE0118900F6CA93 /* Build configuration list for PBXProject "Counter" */ = {
			isa = XCConfigurationList;
			buildConfigurations = (
				FA8FFE562AE0118E00F6CA93 /* Debug */,
				FA8FFE572AE0118E00F6CA93 /* Release */,
			);
			defaultConfigurationIsVisible = 0;
			defaultConfigurationName = Release;
		};
		FA8FFE582AE0118E00F6CA93 /* Build configuration list for PBXNativeTarget "Counter" */ = {
			isa = XCConfigurationList;
			buildConfigurations = (
				FA8FFE592AE0118E00F6CA93 /* Debug */,
				FA8FFE5A2AE0118E00F6CA93 /* Release */,
			);
			defaultConfigurationIsVisible = 0;
			defaultConfigurationName = Release;
		};
		FA8FFE5B2AE0118E00F6CA93 /* Build configuration list for PBXNativeTarget "CounterTests" */ = {
			isa = XCConfigurationList;
			buildConfigurations = (
				FA8FFE5C2AE0118E00F6CA93 /* Debug */,
				FA8FFE5D2AE0118E00F6CA93 /* Release */,
			);
			defaultConfigurationIsVisible = 0;
			defaultConfigurationName = Release;
		};
		FA8FFE5E2AE0118E00F6CA93 /* Build configuration list for PBXNativeTarget "CounterUITests" */ = {
			isa = XCConfigurationList;
			buildConfigurations = (
				FA8FFE5F2AE0118E00F6CA93 /* Debug */,
				FA8FFE602AE0118E00F6CA93 /* Release */,
			);
			defaultConfigurationIsVisible = 0;
			defaultConfigurationName = Release;
		};
/* End XCConfigurationList section */
	};
	rootObject = FA8FFE262AE0118900F6CA93 /* Project object */;
}
